
Microsoft Visual Studio Solution File, Format Version 12.00
# Visual Studio Version 17
VisualStudioVersion = 17.10.35027.167
MinimumVisualStudioVersion = 10.0.40219.1
Project("{FAE04EC0-301F-11D3-BF4B-00C04F79EFBC}") = "LibraryManagementWebApp", "LibraryManagementWebApp\LibraryManagementWebApp.csproj", "{A3123E6C-8140-4AD3-9972-0C255CD3B53E}"
EndProject
Global
	GlobalSection(SolutionConfigurationPlatforms) = preSolution
		Debug|Any CPU = Debug|Any CPU
		Release|Any CPU = Release|Any CPU
	EndGlobalSection
	GlobalSection(ProjectConfigurationPlatforms) = postSolution
		{A3123E6C-8140-4AD3-9972-0C255CD3B53E}.Debug|Any CPU.ActiveCfg = Debug|Any CPU
		{A3123E6C-8140-4AD3-9972-0C255CD3B53E}.Debug|Any CPU.Build.0 = Debug|Any CPU
		{A3123E6C-8140-4AD3-9972-0C255CD3B53E}.Release|Any CPU.ActiveCfg = Release|Any CPU
		{A3123E6C-8140-4AD3-9972-0C255CD3B53E}.Release|Any CPU.Build.0 = Release|Any CPU
	EndGlobalSection
	GlobalSection(SolutionProperties) = preSolution
		HideSolutionNode = FALSE
	EndGlobalSection
	GlobalSection(ExtensibilityGlobals) = postSolution
		SolutionGuid = {12637C1B-10B0-441E-AA61-EFDEE3FA891C}
	EndGlobalSection
EndGlobal
