
Microsoft Visual Studio Solution File, Format Version 12.00
# Visual Studio Version 17
VisualStudioVersion = 17.10.35027.167
MinimumVisualStudioVersion = 10.0.40219.1
Project("{9A19103F-16F7-4668-BE54-9A1E7A4F7556}") = "WrongSRP", "SOLID_SRP\WrongSRP.csproj", "{8BFC0B50-9315-4872-A737-32D2BD92992C}"
EndProject
Project("{2150E333-8FDC-42A3-9474-1A3956D46DE8}") = "Hafta1Bolum1", "Hafta1Bolum1", "{0C2843D2-AD7D-48CA-9E86-B2D15788A656}"
EndProject
Project("{2150E333-8FDC-42A3-9474-1A3956D46DE8}") = "SRP", "SRP", "{B0087715-F42A-4775-BD1C-93B0B0F1BFB8}"
EndProject
Project("{2150E333-8FDC-42A3-9474-1A3956D46DE8}") = "OCP", "OCP", "{5B24398D-4A73-49D6-92C1-A98C2ECEAEDB}"
EndProject
Project("{2150E333-8FDC-42A3-9474-1A3956D46DE8}") = "LSP", "LSP", "{64EEADCC-4174-48E1-99A2-0D9B4FC10001}"
EndProject
Project("{2150E333-8FDC-42A3-9474-1A3956D46DE8}") = "ISP", "ISP", "{954B98D1-CA1C-4C8B-86D2-B6FF51E32A0F}"
EndProject
Project("{2150E333-8FDC-42A3-9474-1A3956D46DE8}") = "DIP", "DIP", "{50F324BF-0D70-4B84-B7F8-64A75241363D}"
EndProject
Project("{9A19103F-16F7-4668-BE54-9A1E7A4F7556}") = "RightSRP", "RightExample\RightSRP.csproj", "{9A75CF76-8410-4256-B68A-439AE236B2C1}"
EndProject
Project("{9A19103F-16F7-4668-BE54-9A1E7A4F7556}") = "Right_OCP", "Right_OCP\Right_OCP.csproj", "{B6CC9C6F-C899-4690-B050-E6F020308D81}"
EndProject
Project("{9A19103F-16F7-4668-BE54-9A1E7A4F7556}") = "Wrong_OCP", "Wrong_OCP\Wrong_OCP.csproj", "{02EB2D94-0CFA-4599-9E76-D6F3A4853CB5}"
EndProject
Project("{9A19103F-16F7-4668-BE54-9A1E7A4F7556}") = "Console_OCP", "Console_OCP\Console_OCP.csproj", "{3410B17C-336E-4351-951B-F485D103203A}"
EndProject
Project("{9A19103F-16F7-4668-BE54-9A1E7A4F7556}") = "WrongLSP", "LSP_Wrong\WrongLSP.csproj", "{82F7D433-E58B-4B98-B151-1515983EBF85}"
EndProject
Project("{9A19103F-16F7-4668-BE54-9A1E7A4F7556}") = "RightLSP", "RightLSP\RightLSP.csproj", "{3EAD44B4-33CD-46DF-9617-7A67B26ED5BA}"
EndProject
Project("{9A19103F-16F7-4668-BE54-9A1E7A4F7556}") = "WrongISP", "WrongISP\WrongISP.csproj", "{06061106-A468-4E5C-B9D0-3D0A4E5A5951}"
EndProject
Project("{9A19103F-16F7-4668-BE54-9A1E7A4F7556}") = "RightISP", "RightISP\RightISP.csproj", "{1C82236A-CBBB-4523-AB77-2DEAE19A2DA1}"
EndProject
Project("{9A19103F-16F7-4668-BE54-9A1E7A4F7556}") = "WrongDIP", "WrongDIP\WrongDIP.csproj", "{CF53D512-A58C-40F4-AEB0-176E15E7B330}"
EndProject
Project("{9A19103F-16F7-4668-BE54-9A1E7A4F7556}") = "RightDIP", "RightDIP\RightDIP.csproj", "{9B661086-4BFC-4830-AD2A-FB1DF77B7409}"
EndProject
Project("{2150E333-8FDC-42A3-9474-1A3956D46DE8}") = "asynchronous programming", "asynchronous programming", "{9526ECA1-5E09-4F0F-8F5B-817DA8DBD40D}"
EndProject
Project("{9A19103F-16F7-4668-BE54-9A1E7A4F7556}") = "SyncAndAsyncnMethod", "SyncAndAsyncnMethod\SyncAndAsyncnMethod.csproj", "{159AB088-42CF-411B-9E2A-336D34C48B68}"
EndProject
Project("{2150E333-8FDC-42A3-9474-1A3956D46DE8}") = "Task Methods", "Task Methods", "{0F319315-00D2-4893-8F72-CB822FBCC5E3}"
EndProject
Project("{9A19103F-16F7-4668-BE54-9A1E7A4F7556}") = "TaskMethods", "TaskMethods\TaskMethods.csproj", "{5A4E187E-6543-4550-9102-5E47740E501F}"
EndProject
Project("{9A19103F-16F7-4668-BE54-9A1E7A4F7556}") = "AsyncMethodWithThrowingExceptions", "AsyncMethodWithThrowingExceptions\AsyncMethodWithThrowingExceptions.csproj", "{D563610E-D36C-4C13-B25D-DE0C2FEE3A03}"
EndProject
Global
	GlobalSection(SolutionConfigurationPlatforms) = preSolution
		Debug|Any CPU = Debug|Any CPU
		Release|Any CPU = Release|Any CPU
	EndGlobalSection
	GlobalSection(ProjectConfigurationPlatforms) = postSolution
		{8BFC0B50-9315-4872-A737-32D2BD92992C}.Debug|Any CPU.ActiveCfg = Debug|Any CPU
		{8BFC0B50-9315-4872-A737-32D2BD92992C}.Debug|Any CPU.Build.0 = Debug|Any CPU
		{8BFC0B50-9315-4872-A737-32D2BD92992C}.Release|Any CPU.ActiveCfg = Release|Any CPU
		{8BFC0B50-9315-4872-A737-32D2BD92992C}.Release|Any CPU.Build.0 = Release|Any CPU
		{9A75CF76-8410-4256-B68A-439AE236B2C1}.Debug|Any CPU.ActiveCfg = Debug|Any CPU
		{9A75CF76-8410-4256-B68A-439AE236B2C1}.Debug|Any CPU.Build.0 = Debug|Any CPU
		{9A75CF76-8410-4256-B68A-439AE236B2C1}.Release|Any CPU.ActiveCfg = Release|Any CPU
		{9A75CF76-8410-4256-B68A-439AE236B2C1}.Release|Any CPU.Build.0 = Release|Any CPU
		{B6CC9C6F-C899-4690-B050-E6F020308D81}.Debug|Any CPU.ActiveCfg = Debug|Any CPU
		{B6CC9C6F-C899-4690-B050-E6F020308D81}.Debug|Any CPU.Build.0 = Debug|Any CPU
		{B6CC9C6F-C899-4690-B050-E6F020308D81}.Release|Any CPU.ActiveCfg = Release|Any CPU
		{B6CC9C6F-C899-4690-B050-E6F020308D81}.Release|Any CPU.Build.0 = Release|Any CPU
		{02EB2D94-0CFA-4599-9E76-D6F3A4853CB5}.Debug|Any CPU.ActiveCfg = Debug|Any CPU
		{02EB2D94-0CFA-4599-9E76-D6F3A4853CB5}.Debug|Any CPU.Build.0 = Debug|Any CPU
		{02EB2D94-0CFA-4599-9E76-D6F3A4853CB5}.Release|Any CPU.ActiveCfg = Release|Any CPU
		{02EB2D94-0CFA-4599-9E76-D6F3A4853CB5}.Release|Any CPU.Build.0 = Release|Any CPU
		{3410B17C-336E-4351-951B-F485D103203A}.Debug|Any CPU.ActiveCfg = Debug|Any CPU
		{3410B17C-336E-4351-951B-F485D103203A}.Debug|Any CPU.Build.0 = Debug|Any CPU
		{3410B17C-336E-4351-951B-F485D103203A}.Release|Any CPU.ActiveCfg = Release|Any CPU
		{3410B17C-336E-4351-951B-F485D103203A}.Release|Any CPU.Build.0 = Release|Any CPU
		{82F7D433-E58B-4B98-B151-1515983EBF85}.Debug|Any CPU.ActiveCfg = Debug|Any CPU
		{82F7D433-E58B-4B98-B151-1515983EBF85}.Debug|Any CPU.Build.0 = Debug|Any CPU
		{82F7D433-E58B-4B98-B151-1515983EBF85}.Release|Any CPU.ActiveCfg = Release|Any CPU
		{82F7D433-E58B-4B98-B151-1515983EBF85}.Release|Any CPU.Build.0 = Release|Any CPU
		{3EAD44B4-33CD-46DF-9617-7A67B26ED5BA}.Debug|Any CPU.ActiveCfg = Debug|Any CPU
		{3EAD44B4-33CD-46DF-9617-7A67B26ED5BA}.Debug|Any CPU.Build.0 = Debug|Any CPU
		{3EAD44B4-33CD-46DF-9617-7A67B26ED5BA}.Release|Any CPU.ActiveCfg = Release|Any CPU
		{3EAD44B4-33CD-46DF-9617-7A67B26ED5BA}.Release|Any CPU.Build.0 = Release|Any CPU
		{06061106-A468-4E5C-B9D0-3D0A4E5A5951}.Debug|Any CPU.ActiveCfg = Debug|Any CPU
		{06061106-A468-4E5C-B9D0-3D0A4E5A5951}.Debug|Any CPU.Build.0 = Debug|Any CPU
		{06061106-A468-4E5C-B9D0-3D0A4E5A5951}.Release|Any CPU.ActiveCfg = Release|Any CPU
		{06061106-A468-4E5C-B9D0-3D0A4E5A5951}.Release|Any CPU.Build.0 = Release|Any CPU
		{1C82236A-CBBB-4523-AB77-2DEAE19A2DA1}.Debug|Any CPU.ActiveCfg = Debug|Any CPU
		{1C82236A-CBBB-4523-AB77-2DEAE19A2DA1}.Debug|Any CPU.Build.0 = Debug|Any CPU
		{1C82236A-CBBB-4523-AB77-2DEAE19A2DA1}.Release|Any CPU.ActiveCfg = Release|Any CPU
		{1C82236A-CBBB-4523-AB77-2DEAE19A2DA1}.Release|Any CPU.Build.0 = Release|Any CPU
		{CF53D512-A58C-40F4-AEB0-176E15E7B330}.Debug|Any CPU.ActiveCfg = Debug|Any CPU
		{CF53D512-A58C-40F4-AEB0-176E15E7B330}.Debug|Any CPU.Build.0 = Debug|Any CPU
		{CF53D512-A58C-40F4-AEB0-176E15E7B330}.Release|Any CPU.ActiveCfg = Release|Any CPU
		{CF53D512-A58C-40F4-AEB0-176E15E7B330}.Release|Any CPU.Build.0 = Release|Any CPU
		{9B661086-4BFC-4830-AD2A-FB1DF77B7409}.Debug|Any CPU.ActiveCfg = Debug|Any CPU
		{9B661086-4BFC-4830-AD2A-FB1DF77B7409}.Debug|Any CPU.Build.0 = Debug|Any CPU
		{9B661086-4BFC-4830-AD2A-FB1DF77B7409}.Release|Any CPU.ActiveCfg = Release|Any CPU
		{9B661086-4BFC-4830-AD2A-FB1DF77B7409}.Release|Any CPU.Build.0 = Release|Any CPU
		{159AB088-42CF-411B-9E2A-336D34C48B68}.Debug|Any CPU.ActiveCfg = Debug|Any CPU
		{159AB088-42CF-411B-9E2A-336D34C48B68}.Debug|Any CPU.Build.0 = Debug|Any CPU
		{159AB088-42CF-411B-9E2A-336D34C48B68}.Release|Any CPU.ActiveCfg = Release|Any CPU
		{159AB088-42CF-411B-9E2A-336D34C48B68}.Release|Any CPU.Build.0 = Release|Any CPU
		{5A4E187E-6543-4550-9102-5E47740E501F}.Debug|Any CPU.ActiveCfg = Debug|Any CPU
		{5A4E187E-6543-4550-9102-5E47740E501F}.Debug|Any CPU.Build.0 = Debug|Any CPU
		{5A4E187E-6543-4550-9102-5E47740E501F}.Release|Any CPU.ActiveCfg = Release|Any CPU
		{5A4E187E-6543-4550-9102-5E47740E501F}.Release|Any CPU.Build.0 = Release|Any CPU
		{D563610E-D36C-4C13-B25D-DE0C2FEE3A03}.Debug|Any CPU.ActiveCfg = Debug|Any CPU
		{D563610E-D36C-4C13-B25D-DE0C2FEE3A03}.Debug|Any CPU.Build.0 = Debug|Any CPU
		{D563610E-D36C-4C13-B25D-DE0C2FEE3A03}.Release|Any CPU.ActiveCfg = Release|Any CPU
		{D563610E-D36C-4C13-B25D-DE0C2FEE3A03}.Release|Any CPU.Build.0 = Release|Any CPU
	EndGlobalSection
	GlobalSection(SolutionProperties) = preSolution
		HideSolutionNode = FALSE
	EndGlobalSection
	GlobalSection(NestedProjects) = preSolution
		{8BFC0B50-9315-4872-A737-32D2BD92992C} = {B0087715-F42A-4775-BD1C-93B0B0F1BFB8}
		{B0087715-F42A-4775-BD1C-93B0B0F1BFB8} = {0C2843D2-AD7D-48CA-9E86-B2D15788A656}
		{5B24398D-4A73-49D6-92C1-A98C2ECEAEDB} = {0C2843D2-AD7D-48CA-9E86-B2D15788A656}
		{64EEADCC-4174-48E1-99A2-0D9B4FC10001} = {0C2843D2-AD7D-48CA-9E86-B2D15788A656}
		{954B98D1-CA1C-4C8B-86D2-B6FF51E32A0F} = {0C2843D2-AD7D-48CA-9E86-B2D15788A656}
		{50F324BF-0D70-4B84-B7F8-64A75241363D} = {0C2843D2-AD7D-48CA-9E86-B2D15788A656}
		{9A75CF76-8410-4256-B68A-439AE236B2C1} = {B0087715-F42A-4775-BD1C-93B0B0F1BFB8}
		{B6CC9C6F-C899-4690-B050-E6F020308D81} = {5B24398D-4A73-49D6-92C1-A98C2ECEAEDB}
		{02EB2D94-0CFA-4599-9E76-D6F3A4853CB5} = {5B24398D-4A73-49D6-92C1-A98C2ECEAEDB}
		{3410B17C-336E-4351-951B-F485D103203A} = {5B24398D-4A73-49D6-92C1-A98C2ECEAEDB}
		{82F7D433-E58B-4B98-B151-1515983EBF85} = {64EEADCC-4174-48E1-99A2-0D9B4FC10001}
		{3EAD44B4-33CD-46DF-9617-7A67B26ED5BA} = {64EEADCC-4174-48E1-99A2-0D9B4FC10001}
		{06061106-A468-4E5C-B9D0-3D0A4E5A5951} = {954B98D1-CA1C-4C8B-86D2-B6FF51E32A0F}
		{1C82236A-CBBB-4523-AB77-2DEAE19A2DA1} = {954B98D1-CA1C-4C8B-86D2-B6FF51E32A0F}
		{CF53D512-A58C-40F4-AEB0-176E15E7B330} = {50F324BF-0D70-4B84-B7F8-64A75241363D}
		{9B661086-4BFC-4830-AD2A-FB1DF77B7409} = {50F324BF-0D70-4B84-B7F8-64A75241363D}
		{159AB088-42CF-411B-9E2A-336D34C48B68} = {9526ECA1-5E09-4F0F-8F5B-817DA8DBD40D}
		{0F319315-00D2-4893-8F72-CB822FBCC5E3} = {9526ECA1-5E09-4F0F-8F5B-817DA8DBD40D}
		{5A4E187E-6543-4550-9102-5E47740E501F} = {0F319315-00D2-4893-8F72-CB822FBCC5E3}
		{D563610E-D36C-4C13-B25D-DE0C2FEE3A03} = {9526ECA1-5E09-4F0F-8F5B-817DA8DBD40D}
	EndGlobalSection
	GlobalSection(ExtensibilityGlobals) = postSolution
		SolutionGuid = {C6094ED1-AB57-4BED-94F5-C44591892DF4}
	EndGlobalSection
EndGlobal
